
Microsoft Visual Studio Solution File, Format Version 12.00
Project("{FAE04EC0-301F-11D3-BF4B-00C04F79EFBC}") = "WrathLC.Core.Api", "WrathLC.Core.Api\WrathLC.Core.Api.csproj", "{F4BFD842-A846-4EA1-901C-61837BC8AA42}"
EndProject
Project("{FAE04EC0-301F-11D3-BF4B-00C04F79EFBC}") = "WrathLC.Identity.Idp", "WrathLC.Identity.Idp\WrathLC.Identity.Idp.csproj", "{3AC0179B-CE91-43AA-8AC1-9D9FDC4E9D14}"
EndProject
Project("{FAE04EC0-301F-11D3-BF4B-00C04F79EFBC}") = "WrathLC.Identity.Business", "WrathLC.Identity.Business\WrathLC.Identity.Business.csproj", "{7F0C8116-CDB2-4F01-B83E-196CFEB745F8}"
EndProject
Project("{FAE04EC0-301F-11D3-BF4B-00C04F79EFBC}") = "WrathLC.Core.Business", "WrathLC.Core.Business\WrathLC.Core.Business.csproj", "{1184C4B2-37D5-41EA-9FC6-32F50159E5FA}"
EndProject
Project("{FAE04EC0-301F-11D3-BF4B-00C04F79EFBC}") = "WrathLC.Identity.Data", "WrathLC.Identity.Data\WrathLC.Identity.Data.csproj", "{89B4D45B-72B9-4FA4-A89B-1EC7C9B0E268}"
EndProject
Project("{FAE04EC0-301F-11D3-BF4B-00C04F79EFBC}") = "WrathLC.Core.Data", "WrathLC.Core.Data\WrathLC.Core.Data.csproj", "{415A8675-0016-4E29-86C8-69960937FA90}"
EndProject
Project("{FAE04EC0-301F-11D3-BF4B-00C04F79EFBC}") = "WrathLC.Data.Common", "WrathLC.Data.Common\WrathLC.Data.Common.csproj", "{0DB4AC92-37C9-4B37-BB1C-1727BA0E1184}"
EndProject
Project("{FAE04EC0-301F-11D3-BF4B-00C04F79EFBC}") = "WrathLC.Utility.Common", "WrathLC.Utility.Common\WrathLC.Utility.Common.csproj", "{4D143541-ECC4-4A48-B9E0-23DB17B48E4F}"
EndProject
Project("{FAE04EC0-301F-11D3-BF4B-00C04F79EFBC}") = "WrathLC.Core.Utility", "WrathLC.Core.Utility\WrathLC.Core.Utility.csproj", "{79283010-6937-4B21-AD47-4BC84C00BC67}"
EndProject
Project("{FAE04EC0-301F-11D3-BF4B-00C04F79EFBC}") = "WrathLC.Identity.Utility", "WrathLC.Identity.Utility\WrathLC.Identity.Utility.csproj", "{880C3349-2277-4F68-9CD9-4D80A291F717}"
EndProject
Project("{2150E333-8FDC-42A3-9474-1A3956D46DE8}") = "Solution Items", "Solution Items", "{8BD7526A-751D-4406-B4F8-5D2074E1AE78}"
ProjectSection(SolutionItems) = preProject
	.gitignore = .gitignore
	docker-compose.yml = docker-compose.yml
	LICENSE.md = LICENSE.md
	README.md = README.md
	api.yml = .github/workflows/api.yml
	idp.yml = .github/workflows/idp.yml
	aws-dev-api-task-definition.json = aws-dev-api-task-definition.json
	aws-dev-idp-task-definition.json = aws-dev-idp-task-definition.json
EndProjectSection
EndProject
Project("{FAE04EC0-301F-11D3-BF4B-00C04F79EFBC}") = "WrathLC.Core.HangfireWorker", "WrathLC.Core.HangfireWorker\WrathLC.Core.HangfireWorker.csproj", "{65DA28F5-E2A5-470E-AF32-61FFFC2DFD5B}"
EndProject
Project("{2150E333-8FDC-42A3-9474-1A3956D46DE8}") = "Core", "Core", "{E945B23F-3A00-4AA9-B697-AFE20F80B642}"
EndProject
Project("{2150E333-8FDC-42A3-9474-1A3956D46DE8}") = "Identity", "Identity", "{6FD27338-1EF8-445A-B82E-42BA7FA9E946}"
EndProject
Project("{2150E333-8FDC-42A3-9474-1A3956D46DE8}") = "Common", "Common", "{23588A1E-A785-40E4-8AF1-379F837EA19C}"
EndProject
Project("{FAE04EC0-301F-11D3-BF4B-00C04F79EFBC}") = "WrathLC.Business.Common", "WrathLC.Business.Common\WrathLC.Business.Common.csproj", "{C34CFCAC-4684-4CAC-97BC-C0C70C004B84}"
EndProject
Global
	GlobalSection(SolutionConfigurationPlatforms) = preSolution
		Debug|Any CPU = Debug|Any CPU
		Release|Any CPU = Release|Any CPU
	EndGlobalSection
	GlobalSection(ProjectConfigurationPlatforms) = postSolution
		{F4BFD842-A846-4EA1-901C-61837BC8AA42}.Debug|Any CPU.ActiveCfg = Debug|Any CPU
		{F4BFD842-A846-4EA1-901C-61837BC8AA42}.Debug|Any CPU.Build.0 = Debug|Any CPU
		{F4BFD842-A846-4EA1-901C-61837BC8AA42}.Release|Any CPU.ActiveCfg = Release|Any CPU
		{F4BFD842-A846-4EA1-901C-61837BC8AA42}.Release|Any CPU.Build.0 = Release|Any CPU
		{3AC0179B-CE91-43AA-8AC1-9D9FDC4E9D14}.Debug|Any CPU.ActiveCfg = Debug|Any CPU
		{3AC0179B-CE91-43AA-8AC1-9D9FDC4E9D14}.Debug|Any CPU.Build.0 = Debug|Any CPU
		{3AC0179B-CE91-43AA-8AC1-9D9FDC4E9D14}.Release|Any CPU.ActiveCfg = Release|Any CPU
		{3AC0179B-CE91-43AA-8AC1-9D9FDC4E9D14}.Release|Any CPU.Build.0 = Release|Any CPU
		{7F0C8116-CDB2-4F01-B83E-196CFEB745F8}.Debug|Any CPU.ActiveCfg = Debug|Any CPU
		{7F0C8116-CDB2-4F01-B83E-196CFEB745F8}.Debug|Any CPU.Build.0 = Debug|Any CPU
		{7F0C8116-CDB2-4F01-B83E-196CFEB745F8}.Release|Any CPU.ActiveCfg = Release|Any CPU
		{7F0C8116-CDB2-4F01-B83E-196CFEB745F8}.Release|Any CPU.Build.0 = Release|Any CPU
		{1184C4B2-37D5-41EA-9FC6-32F50159E5FA}.Debug|Any CPU.ActiveCfg = Debug|Any CPU
		{1184C4B2-37D5-41EA-9FC6-32F50159E5FA}.Debug|Any CPU.Build.0 = Debug|Any CPU
		{1184C4B2-37D5-41EA-9FC6-32F50159E5FA}.Release|Any CPU.ActiveCfg = Release|Any CPU
		{1184C4B2-37D5-41EA-9FC6-32F50159E5FA}.Release|Any CPU.Build.0 = Release|Any CPU
		{89B4D45B-72B9-4FA4-A89B-1EC7C9B0E268}.Debug|Any CPU.ActiveCfg = Debug|Any CPU
		{89B4D45B-72B9-4FA4-A89B-1EC7C9B0E268}.Debug|Any CPU.Build.0 = Debug|Any CPU
		{89B4D45B-72B9-4FA4-A89B-1EC7C9B0E268}.Release|Any CPU.ActiveCfg = Release|Any CPU
		{89B4D45B-72B9-4FA4-A89B-1EC7C9B0E268}.Release|Any CPU.Build.0 = Release|Any CPU
		{415A8675-0016-4E29-86C8-69960937FA90}.Debug|Any CPU.ActiveCfg = Debug|Any CPU
		{415A8675-0016-4E29-86C8-69960937FA90}.Debug|Any CPU.Build.0 = Debug|Any CPU
		{415A8675-0016-4E29-86C8-69960937FA90}.Release|Any CPU.ActiveCfg = Release|Any CPU
		{415A8675-0016-4E29-86C8-69960937FA90}.Release|Any CPU.Build.0 = Release|Any CPU
		{0DB4AC92-37C9-4B37-BB1C-1727BA0E1184}.Debug|Any CPU.ActiveCfg = Debug|Any CPU
		{0DB4AC92-37C9-4B37-BB1C-1727BA0E1184}.Debug|Any CPU.Build.0 = Debug|Any CPU
		{0DB4AC92-37C9-4B37-BB1C-1727BA0E1184}.Release|Any CPU.ActiveCfg = Release|Any CPU
		{0DB4AC92-37C9-4B37-BB1C-1727BA0E1184}.Release|Any CPU.Build.0 = Release|Any CPU
		{4D143541-ECC4-4A48-B9E0-23DB17B48E4F}.Debug|Any CPU.ActiveCfg = Debug|Any CPU
		{4D143541-ECC4-4A48-B9E0-23DB17B48E4F}.Debug|Any CPU.Build.0 = Debug|Any CPU
		{4D143541-ECC4-4A48-B9E0-23DB17B48E4F}.Release|Any CPU.ActiveCfg = Release|Any CPU
		{4D143541-ECC4-4A48-B9E0-23DB17B48E4F}.Release|Any CPU.Build.0 = Release|Any CPU
		{79283010-6937-4B21-AD47-4BC84C00BC67}.Debug|Any CPU.ActiveCfg = Debug|Any CPU
		{79283010-6937-4B21-AD47-4BC84C00BC67}.Debug|Any CPU.Build.0 = Debug|Any CPU
		{79283010-6937-4B21-AD47-4BC84C00BC67}.Release|Any CPU.ActiveCfg = Release|Any CPU
		{79283010-6937-4B21-AD47-4BC84C00BC67}.Release|Any CPU.Build.0 = Release|Any CPU
		{880C3349-2277-4F68-9CD9-4D80A291F717}.Debug|Any CPU.ActiveCfg = Debug|Any CPU
		{880C3349-2277-4F68-9CD9-4D80A291F717}.Debug|Any CPU.Build.0 = Debug|Any CPU
		{880C3349-2277-4F68-9CD9-4D80A291F717}.Release|Any CPU.ActiveCfg = Release|Any CPU
		{880C3349-2277-4F68-9CD9-4D80A291F717}.Release|Any CPU.Build.0 = Release|Any CPU
		{65DA28F5-E2A5-470E-AF32-61FFFC2DFD5B}.Debug|Any CPU.ActiveCfg = Debug|Any CPU
		{65DA28F5-E2A5-470E-AF32-61FFFC2DFD5B}.Debug|Any CPU.Build.0 = Debug|Any CPU
		{65DA28F5-E2A5-470E-AF32-61FFFC2DFD5B}.Release|Any CPU.ActiveCfg = Release|Any CPU
		{65DA28F5-E2A5-470E-AF32-61FFFC2DFD5B}.Release|Any CPU.Build.0 = Release|Any CPU
		{C34CFCAC-4684-4CAC-97BC-C0C70C004B84}.Debug|Any CPU.ActiveCfg = Debug|Any CPU
		{C34CFCAC-4684-4CAC-97BC-C0C70C004B84}.Debug|Any CPU.Build.0 = Debug|Any CPU
		{C34CFCAC-4684-4CAC-97BC-C0C70C004B84}.Release|Any CPU.ActiveCfg = Release|Any CPU
		{C34CFCAC-4684-4CAC-97BC-C0C70C004B84}.Release|Any CPU.Build.0 = Release|Any CPU
	EndGlobalSection
	GlobalSection(NestedProjects) = preSolution
		{F4BFD842-A846-4EA1-901C-61837BC8AA42} = {E945B23F-3A00-4AA9-B697-AFE20F80B642}
		{1184C4B2-37D5-41EA-9FC6-32F50159E5FA} = {E945B23F-3A00-4AA9-B697-AFE20F80B642}
		{79283010-6937-4B21-AD47-4BC84C00BC67} = {E945B23F-3A00-4AA9-B697-AFE20F80B642}
		{415A8675-0016-4E29-86C8-69960937FA90} = {E945B23F-3A00-4AA9-B697-AFE20F80B642}
		{0DB4AC92-37C9-4B37-BB1C-1727BA0E1184} = {23588A1E-A785-40E4-8AF1-379F837EA19C}
		{4D143541-ECC4-4A48-B9E0-23DB17B48E4F} = {23588A1E-A785-40E4-8AF1-379F837EA19C}
		{3AC0179B-CE91-43AA-8AC1-9D9FDC4E9D14} = {6FD27338-1EF8-445A-B82E-42BA7FA9E946}
		{7F0C8116-CDB2-4F01-B83E-196CFEB745F8} = {6FD27338-1EF8-445A-B82E-42BA7FA9E946}
		{880C3349-2277-4F68-9CD9-4D80A291F717} = {6FD27338-1EF8-445A-B82E-42BA7FA9E946}
		{89B4D45B-72B9-4FA4-A89B-1EC7C9B0E268} = {6FD27338-1EF8-445A-B82E-42BA7FA9E946}
		{65DA28F5-E2A5-470E-AF32-61FFFC2DFD5B} = {E945B23F-3A00-4AA9-B697-AFE20F80B642}
		{C34CFCAC-4684-4CAC-97BC-C0C70C004B84} = {23588A1E-A785-40E4-8AF1-379F837EA19C}
	EndGlobalSection
EndGlobal
